
Microsoft Visual Studio Solution File, Format Version 11.00
# Visual Studio 2010
# SharpDevelop 5.1
Project("{FAE04EC0-301F-11D3-BF4B-00C04F79EFBC}") = "01", "Lista 03\01.csproj", "{A33ADC4B-3122-47A9-88C7-CD2000A7CEC3}"
EndProject
Project("{FAE04EC0-301F-11D3-BF4B-00C04F79EFBC}") = "02", "p2\02.csproj", "{91879CDB-7E0F-461E-A98E-24B35C74DC75}"
EndProject
Project("{FAE04EC0-301F-11D3-BF4B-00C04F79EFBC}") = "03", "p3\03.csproj", "{976E14EC-FA94-43BF-A01D-5328A21AD14D}"
EndProject
Project("{FAE04EC0-301F-11D3-BF4B-00C04F79EFBC}") = "04", "p4\04.csproj", "{3D2467AA-C394-4AF1-85CD-05C8EF4E1E13}"
EndProject
Project("{FAE04EC0-301F-11D3-BF4B-00C04F79EFBC}") = "05", "p5\05.csproj", "{3BE03248-2B00-4AAA-A203-8868B027B6D5}"
EndProject
Project("{FAE04EC0-301F-11D3-BF4B-00C04F79EFBC}") = "06", "p6\06.csproj", "{EB158172-21CC-423B-8482-2EE0CF02A896}"
EndProject
Project("{FAE04EC0-301F-11D3-BF4B-00C04F79EFBC}") = "07", "p7\07.csproj", "{0503C953-A2FA-49CD-85EC-94DC62246768}"
EndProject
Project("{FAE04EC0-301F-11D3-BF4B-00C04F79EFBC}") = "08", "p8\08.csproj", "{E2CADCBE-1AFA-4B22-9845-081EE022D3A5}"
EndProject
Project("{FAE04EC0-301F-11D3-BF4B-00C04F79EFBC}") = "09", "p9\09.csproj", "{A381F8B3-1E33-4313-8C07-F2745176E8E9}"
EndProject
Project("{FAE04EC0-301F-11D3-BF4B-00C04F79EFBC}") = "10", "p10\10.csproj", "{885DD220-1121-4F1F-960E-203B671F0E29}"
EndProject
Global
	GlobalSection(SolutionConfigurationPlatforms) = preSolution
		Debug|Any CPU = Debug|Any CPU
		Release|Any CPU = Release|Any CPU
	EndGlobalSection
	GlobalSection(ProjectConfigurationPlatforms) = postSolution
		{A33ADC4B-3122-47A9-88C7-CD2000A7CEC3}.Debug|Any CPU.ActiveCfg = Debug|Any CPU
		{A33ADC4B-3122-47A9-88C7-CD2000A7CEC3}.Debug|Any CPU.Build.0 = Debug|Any CPU
		{A33ADC4B-3122-47A9-88C7-CD2000A7CEC3}.Release|Any CPU.ActiveCfg = Release|Any CPU
		{A33ADC4B-3122-47A9-88C7-CD2000A7CEC3}.Release|Any CPU.Build.0 = Release|Any CPU
		{91879CDB-7E0F-461E-A98E-24B35C74DC75}.Debug|Any CPU.ActiveCfg = Debug|Any CPU
		{91879CDB-7E0F-461E-A98E-24B35C74DC75}.Debug|Any CPU.Build.0 = Debug|Any CPU
		{91879CDB-7E0F-461E-A98E-24B35C74DC75}.Release|Any CPU.ActiveCfg = Release|Any CPU
		{91879CDB-7E0F-461E-A98E-24B35C74DC75}.Release|Any CPU.Build.0 = Release|Any CPU
		{976E14EC-FA94-43BF-A01D-5328A21AD14D}.Debug|Any CPU.ActiveCfg = Debug|Any CPU
		{976E14EC-FA94-43BF-A01D-5328A21AD14D}.Debug|Any CPU.Build.0 = Debug|Any CPU
		{976E14EC-FA94-43BF-A01D-5328A21AD14D}.Release|Any CPU.ActiveCfg = Release|Any CPU
		{976E14EC-FA94-43BF-A01D-5328A21AD14D}.Release|Any CPU.Build.0 = Release|Any CPU
		{3D2467AA-C394-4AF1-85CD-05C8EF4E1E13}.Debug|Any CPU.ActiveCfg = Debug|Any CPU
		{3D2467AA-C394-4AF1-85CD-05C8EF4E1E13}.Debug|Any CPU.Build.0 = Debug|Any CPU
		{3D2467AA-C394-4AF1-85CD-05C8EF4E1E13}.Release|Any CPU.ActiveCfg = Release|Any CPU
		{3D2467AA-C394-4AF1-85CD-05C8EF4E1E13}.Release|Any CPU.Build.0 = Release|Any CPU
		{3BE03248-2B00-4AAA-A203-8868B027B6D5}.Debug|Any CPU.ActiveCfg = Debug|Any CPU
		{3BE03248-2B00-4AAA-A203-8868B027B6D5}.Debug|Any CPU.Build.0 = Debug|Any CPU
		{3BE03248-2B00-4AAA-A203-8868B027B6D5}.Release|Any CPU.ActiveCfg = Release|Any CPU
		{3BE03248-2B00-4AAA-A203-8868B027B6D5}.Release|Any CPU.Build.0 = Release|Any CPU
		{EB158172-21CC-423B-8482-2EE0CF02A896}.Debug|Any CPU.ActiveCfg = Debug|Any CPU
		{EB158172-21CC-423B-8482-2EE0CF02A896}.Debug|Any CPU.Build.0 = Debug|Any CPU
		{EB158172-21CC-423B-8482-2EE0CF02A896}.Release|Any CPU.ActiveCfg = Release|Any CPU
		{EB158172-21CC-423B-8482-2EE0CF02A896}.Release|Any CPU.Build.0 = Release|Any CPU
		{0503C953-A2FA-49CD-85EC-94DC62246768}.Debug|Any CPU.ActiveCfg = Debug|Any CPU
		{0503C953-A2FA-49CD-85EC-94DC62246768}.Debug|Any CPU.Build.0 = Debug|Any CPU
		{0503C953-A2FA-49CD-85EC-94DC62246768}.Release|Any CPU.ActiveCfg = Release|Any CPU
		{0503C953-A2FA-49CD-85EC-94DC62246768}.Release|Any CPU.Build.0 = Release|Any CPU
		{E2CADCBE-1AFA-4B22-9845-081EE022D3A5}.Debug|Any CPU.ActiveCfg = Debug|Any CPU
		{E2CADCBE-1AFA-4B22-9845-081EE022D3A5}.Debug|Any CPU.Build.0 = Debug|Any CPU
		{E2CADCBE-1AFA-4B22-9845-081EE022D3A5}.Release|Any CPU.ActiveCfg = Release|Any CPU
		{E2CADCBE-1AFA-4B22-9845-081EE022D3A5}.Release|Any CPU.Build.0 = Release|Any CPU
		{A381F8B3-1E33-4313-8C07-F2745176E8E9}.Debug|Any CPU.ActiveCfg = Debug|Any CPU
		{A381F8B3-1E33-4313-8C07-F2745176E8E9}.Debug|Any CPU.Build.0 = Debug|Any CPU
		{A381F8B3-1E33-4313-8C07-F2745176E8E9}.Release|Any CPU.ActiveCfg = Release|Any CPU
		{A381F8B3-1E33-4313-8C07-F2745176E8E9}.Release|Any CPU.Build.0 = Release|Any CPU
		{885DD220-1121-4F1F-960E-203B671F0E29}.Debug|Any CPU.ActiveCfg = Debug|Any CPU
		{885DD220-1121-4F1F-960E-203B671F0E29}.Debug|Any CPU.Build.0 = Debug|Any CPU
		{885DD220-1121-4F1F-960E-203B671F0E29}.Release|Any CPU.ActiveCfg = Release|Any CPU
		{885DD220-1121-4F1F-960E-203B671F0E29}.Release|Any CPU.Build.0 = Release|Any CPU
	EndGlobalSection
EndGlobal
